
Microsoft Visual Studio Solution File, Format Version 12.00
# Visual Studio Version 16
VisualStudioVersion = 16.0.32228.343
MinimumVisualStudioVersion = 10.0.40219.1
Project("{FAE04EC0-301F-11D3-BF4B-00C04F79EFBC}") = "MVC_CRUD-jqry-Azax", "MVC_CRUD-jqry-Azax\MVC_CRUD-jqry-Azax.csproj", "{A0226109-EBAE-41BA-923D-BD2213C1BB40}"
EndProject
Project("{FAE04EC0-301F-11D3-BF4B-00C04F79EFBC}") = "Dot Net Core_CRUD", "..\Dot Net Core_CRUD\Dot Net Core_CRUD.csproj", "{CD86D941-B457-4B1D-87F8-8FEEF0A9B39F}"
EndProject
Global
	GlobalSection(SolutionConfigurationPlatforms) = preSolution
		Debug|Any CPU = Debug|Any CPU
		Release|Any CPU = Release|Any CPU
	EndGlobalSection
	GlobalSection(ProjectConfigurationPlatforms) = postSolution
		{A0226109-EBAE-41BA-923D-BD2213C1BB40}.Debug|Any CPU.ActiveCfg = Debug|Any CPU
		{A0226109-EBAE-41BA-923D-BD2213C1BB40}.Debug|Any CPU.Build.0 = Debug|Any CPU
		{A0226109-EBAE-41BA-923D-BD2213C1BB40}.Release|Any CPU.ActiveCfg = Release|Any CPU
		{A0226109-EBAE-41BA-923D-BD2213C1BB40}.Release|Any CPU.Build.0 = Release|Any CPU
		{CD86D941-B457-4B1D-87F8-8FEEF0A9B39F}.Debug|Any CPU.ActiveCfg = Debug|Any CPU
		{CD86D941-B457-4B1D-87F8-8FEEF0A9B39F}.Debug|Any CPU.Build.0 = Debug|Any CPU
		{CD86D941-B457-4B1D-87F8-8FEEF0A9B39F}.Release|Any CPU.ActiveCfg = Release|Any CPU
		{CD86D941-B457-4B1D-87F8-8FEEF0A9B39F}.Release|Any CPU.Build.0 = Release|Any CPU
	EndGlobalSection
	GlobalSection(SolutionProperties) = preSolution
		HideSolutionNode = FALSE
	EndGlobalSection
	GlobalSection(ExtensibilityGlobals) = postSolution
		SolutionGuid = {625517C1-4041-4414-B8B5-A2DD7960C0EA}
	EndGlobalSection
EndGlobal
